// !$*UTF8*$!
{
	archiveVersion = 1;
	classes = {
	};
	objectVersion = 46;
	objects = {

/* Begin PBXBuildFile section */
		383387C81A2728460011C36B /* OrbitzHotel.m in Sources */ = {isa = PBXBuildFile; fileRef = 383387C71A2728460011C36B /* OrbitzHotel.m */; };
		383387CB1A272ACF0011C36B /* OrbitzHotelsListViewController.m in Sources */ = {isa = PBXBuildFile; fileRef = 383387CA1A272ACF0011C36B /* OrbitzHotelsListViewController.m */; };
		383387CF1A273A470011C36B /* HotelsListCustomCell.m in Sources */ = {isa = PBXBuildFile; fileRef = 383387CE1A273A470011C36B /* HotelsListCustomCell.m */; };
		38E51C961A27246A0090B49D /* main.m in Sources */ = {isa = PBXBuildFile; fileRef = 38E51C951A27246A0090B49D /* main.m */; };
		38E51C991A27246A0090B49D /* AppDelegate.m in Sources */ = {isa = PBXBuildFile; fileRef = 38E51C981A27246A0090B49D /* AppDelegate.m */; };
		38E51C9C1A27246A0090B49D /* ViewController.m in Sources */ = {isa = PBXBuildFile; fileRef = 38E51C9B1A27246A0090B49D /* ViewController.m */; };
		38E51C9F1A27246A0090B49D /* Main.storyboard in Resources */ = {isa = PBXBuildFile; fileRef = 38E51C9D1A27246A0090B49D /* Main.storyboard */; };
		38E51CA11A27246A0090B49D /* Images.xcassets in Resources */ = {isa = PBXBuildFile; fileRef = 38E51CA01A27246A0090B49D /* Images.xcassets */; };
		38E51CA41A27246A0090B49D /* LaunchScreen.xib in Resources */ = {isa = PBXBuildFile; fileRef = 38E51CA21A27246A0090B49D /* LaunchScreen.xib */; };
		38E51CB01A27246A0090B49D /* OrbitzHotelsViewerTests.m in Sources */ = {isa = PBXBuildFile; fileRef = 38E51CAF1A27246A0090B49D /* OrbitzHotelsViewerTests.m */; };
		38E51CBB1A2725D30090B49D /* hotels.json in Resources */ = {isa = PBXBuildFile; fileRef = 38E51CBA1A2725D30090B49D /* hotels.json */; };
		7B97080DFEB207F21DE89229 /* libPods.a in Frameworks */ = {isa = PBXBuildFile; fileRef = 706173FE9D99B02A4DBC52CD /* libPods.a */; };
/* End PBXBuildFile section */

/* Begin PBXContainerItemProxy section */
		38E51CAA1A27246A0090B49D /* PBXContainerItemProxy */ = {
			isa = PBXContainerItemProxy;
			containerPortal = 38E51C881A27246A0090B49D /* Project object */;
			proxyType = 1;
			remoteGlobalIDString = 38E51C8F1A27246A0090B49D;
			remoteInfo = OrbitzHotelsViewer;
		};
/* End PBXContainerItemProxy section */

/* Begin PBXFileReference section */
		383387C61A2728460011C36B /* OrbitzHotel.h */ = {isa = PBXFileReference; fileEncoding = 4; lastKnownFileType = sourcecode.c.h; path = OrbitzHotel.h; sourceTree = "<group>"; };
		383387C71A2728460011C36B /* OrbitzHotel.m */ = {isa = PBXFileReference; fileEncoding = 4; lastKnownFileType = sourcecode.c.objc; path = OrbitzHotel.m; sourceTree = "<group>"; };
		383387C91A272ACF0011C36B /* OrbitzHotelsListViewController.h */ = {isa = PBXFileReference; fileEncoding = 4; lastKnownFileType = sourcecode.c.h; path = OrbitzHotelsListViewController.h; sourceTree = "<group>"; };
		383387CA1A272ACF0011C36B /* OrbitzHotelsListViewController.m */ = {isa = PBXFileReference; fileEncoding = 4; lastKnownFileType = sourcecode.c.objc; path = OrbitzHotelsListViewController.m; sourceTree = "<group>"; };
		383387CD1A273A470011C36B /* HotelsListCustomCell.h */ = {isa = PBXFileReference; fileEncoding = 4; lastKnownFileType = sourcecode.c.h; path = HotelsListCustomCell.h; sourceTree = "<group>"; };
		383387CE1A273A470011C36B /* HotelsListCustomCell.m */ = {isa = PBXFileReference; fileEncoding = 4; lastKnownFileType = sourcecode.c.objc; path = HotelsListCustomCell.m; sourceTree = "<group>"; };
		38E51C901A27246A0090B49D /* OrbitzHotelsViewer.app */ = {isa = PBXFileReference; explicitFileType = wrapper.application; includeInIndex = 0; path = OrbitzHotelsViewer.app; sourceTree = BUILT_PRODUCTS_DIR; };
		38E51C941A27246A0090B49D /* Info.plist */ = {isa = PBXFileReference; lastKnownFileType = text.plist.xml; path = Info.plist; sourceTree = "<group>"; };
		38E51C951A27246A0090B49D /* main.m */ = {isa = PBXFileReference; lastKnownFileType = sourcecode.c.objc; path = main.m; sourceTree = "<group>"; };
		38E51C971A27246A0090B49D /* AppDelegate.h */ = {isa = PBXFileReference; lastKnownFileType = sourcecode.c.h; path = AppDelegate.h; sourceTree = "<group>"; };
		38E51C981A27246A0090B49D /* AppDelegate.m */ = {isa = PBXFileReference; lastKnownFileType = sourcecode.c.objc; path = AppDelegate.m; sourceTree = "<group>"; };
		38E51C9A1A27246A0090B49D /* ViewController.h */ = {isa = PBXFileReference; lastKnownFileType = sourcecode.c.h; path = ViewController.h; sourceTree = "<group>"; };
		38E51C9B1A27246A0090B49D /* ViewController.m */ = {isa = PBXFileReference; lastKnownFileType = sourcecode.c.objc; path = ViewController.m; sourceTree = "<group>"; };
		38E51C9E1A27246A0090B49D /* Base */ = {isa = PBXFileReference; lastKnownFileType = file.storyboard; name = Base; path = Base.lproj/Main.storyboard; sourceTree = "<group>"; };
		38E51CA01A27246A0090B49D /* Images.xcassets */ = {isa = PBXFileReference; lastKnownFileType = folder.assetcatalog; path = Images.xcassets; sourceTree = "<group>"; };
		38E51CA31A27246A0090B49D /* Base */ = {isa = PBXFileReference; lastKnownFileType = file.xib; name = Base; path = Base.lproj/LaunchScreen.xib; sourceTree = "<group>"; };
		38E51CA91A27246A0090B49D /* OrbitzHotelsViewerTests.xctest */ = {isa = PBXFileReference; explicitFileType = wrapper.cfbundle; includeInIndex = 0; path = OrbitzHotelsViewerTests.xctest; sourceTree = BUILT_PRODUCTS_DIR; };
		38E51CAE1A27246A0090B49D /* Info.plist */ = {isa = PBXFileReference; lastKnownFileType = text.plist.xml; path = Info.plist; sourceTree = "<group>"; };
		38E51CAF1A27246A0090B49D /* OrbitzHotelsViewerTests.m */ = {isa = PBXFileReference; lastKnownFileType = sourcecode.c.objc; path = OrbitzHotelsViewerTests.m; sourceTree = "<group>"; };
		38E51CBA1A2725D30090B49D /* hotels.json */ = {isa = PBXFileReference; fileEncoding = 4; lastKnownFileType = text.json; path = hotels.json; sourceTree = "<group>"; };
		706173FE9D99B02A4DBC52CD /* libPods.a */ = {isa = PBXFileReference; explicitFileType = archive.ar; includeInIndex = 0; path = libPods.a; sourceTree = BUILT_PRODUCTS_DIR; };
		BD0D93108016FDCF42EA304F /* Pods.release.xcconfig */ = {isa = PBXFileReference; includeInIndex = 1; lastKnownFileType = text.xcconfig; name = Pods.release.xcconfig; path = "Pods/Target Support Files/Pods/Pods.release.xcconfig"; sourceTree = "<group>"; };
		C2FDCCCF03509E53EB6E825D /* Pods.debug.xcconfig */ = {isa = PBXFileReference; includeInIndex = 1; lastKnownFileType = text.xcconfig; name = Pods.debug.xcconfig; path = "Pods/Target Support Files/Pods/Pods.debug.xcconfig"; sourceTree = "<group>"; };
/* End PBXFileReference section */

/* Begin PBXFrameworksBuildPhase section */
		38E51C8D1A27246A0090B49D /* Frameworks */ = {
			isa = PBXFrameworksBuildPhase;
			buildActionMask = 2147483647;
			files = (
				7B97080DFEB207F21DE89229 /* libPods.a in Frameworks */,
			);
			runOnlyForDeploymentPostprocessing = 0;
		};
		38E51CA61A27246A0090B49D /* Frameworks */ = {
			isa = PBXFrameworksBuildPhase;
			buildActionMask = 2147483647;
			files = (
			);
			runOnlyForDeploymentPostprocessing = 0;
		};
/* End PBXFrameworksBuildPhase section */

/* Begin PBXGroup section */
		090AA978841FCCABC474E306 /* Frameworks */ = {
			isa = PBXGroup;
			children = (
				706173FE9D99B02A4DBC52CD /* libPods.a */,
			);
			name = Frameworks;
			sourceTree = "<group>";
		};
		383387C51A27271F0011C36B /* Model */ = {
			isa = PBXGroup;
			children = (
				383387C61A2728460011C36B /* OrbitzHotel.h */,
				383387C71A2728460011C36B /* OrbitzHotel.m */,
			);
			name = Model;
			sourceTree = "<group>";
		};
		383387CC1A272B3A0011C36B /* Custom Cells */ = {
			isa = PBXGroup;
			children = (
				383387CD1A273A470011C36B /* HotelsListCustomCell.h */,
				383387CE1A273A470011C36B /* HotelsListCustomCell.m */,
			);
			name = "Custom Cells";
			sourceTree = "<group>";
		};
		38E51C871A27246A0090B49D = {
			isa = PBXGroup;
			children = (
				38E51C921A27246A0090B49D /* OrbitzHotelsViewer */,
				38E51CAC1A27246A0090B49D /* OrbitzHotelsViewerTests */,
				38E51C911A27246A0090B49D /* Products */,
				D7380B7F09B66E5CC427B869 /* Pods */,
				090AA978841FCCABC474E306 /* Frameworks */,
			);
			sourceTree = "<group>";
		};
		38E51C911A27246A0090B49D /* Products */ = {
			isa = PBXGroup;
			children = (
				38E51C901A27246A0090B49D /* OrbitzHotelsViewer.app */,
				38E51CA91A27246A0090B49D /* OrbitzHotelsViewerTests.xctest */,
			);
			name = Products;
			sourceTree = "<group>";
		};
		38E51C921A27246A0090B49D /* OrbitzHotelsViewer */ = {
			isa = PBXGroup;
			children = (
				383387CC1A272B3A0011C36B /* Custom Cells */,
				383387C51A27271F0011C36B /* Model */,
				38E51CBD1A2726860090B49D /* Hotels Map Controller */,
				38E51CBC1A27266C0090B49D /* Hotels List Controller */,
				38E51CB91A2725B80090B49D /* Hotels Metadata  */,
				38E51C971A27246A0090B49D /* AppDelegate.h */,
				38E51C981A27246A0090B49D /* AppDelegate.m */,
				38E51C9A1A27246A0090B49D /* ViewController.h */,
				38E51C9B1A27246A0090B49D /* ViewController.m */,
				38E51C9D1A27246A0090B49D /* Main.storyboard */,
				38E51CA01A27246A0090B49D /* Images.xcassets */,
				38E51CA21A27246A0090B49D /* LaunchScreen.xib */,
				38E51C931A27246A0090B49D /* Supporting Files */,
			);
			path = OrbitzHotelsViewer;
			sourceTree = "<group>";
		};
		38E51C931A27246A0090B49D /* Supporting Files */ = {
			isa = PBXGroup;
			children = (
				38E51C941A27246A0090B49D /* Info.plist */,
				38E51C951A27246A0090B49D /* main.m */,
			);
			name = "Supporting Files";
			sourceTree = "<group>";
		};
		38E51CAC1A27246A0090B49D /* OrbitzHotelsViewerTests */ = {
			isa = PBXGroup;
			children = (
				38E51CAF1A27246A0090B49D /* OrbitzHotelsViewerTests.m */,
				38E51CAD1A27246A0090B49D /* Supporting Files */,
			);
			path = OrbitzHotelsViewerTests;
			sourceTree = "<group>";
		};
		38E51CAD1A27246A0090B49D /* Supporting Files */ = {
			isa = PBXGroup;
			children = (
				38E51CAE1A27246A0090B49D /* Info.plist */,
			);
			name = "Supporting Files";
			sourceTree = "<group>";
		};
		38E51CB91A2725B80090B49D /* Hotels Metadata  */ = {
			isa = PBXGroup;
			children = (
				38E51CBA1A2725D30090B49D /* hotels.json */,
			);
			name = "Hotels Metadata ";
			sourceTree = "<group>";
		};
		38E51CBC1A27266C0090B49D /* Hotels List Controller */ = {
			isa = PBXGroup;
			children = (
				383387C91A272ACF0011C36B /* OrbitzHotelsListViewController.h */,
				383387CA1A272ACF0011C36B /* OrbitzHotelsListViewController.m */,
			);
			name = "Hotels List Controller";
			sourceTree = "<group>";
		};
		38E51CBD1A2726860090B49D /* Hotels Map Controller */ = {
			isa = PBXGroup;
			children = (
			);
			name = "Hotels Map Controller";
			sourceTree = "<group>";
		};
		D7380B7F09B66E5CC427B869 /* Pods */ = {
			isa = PBXGroup;
			children = (
				C2FDCCCF03509E53EB6E825D /* Pods.debug.xcconfig */,
				BD0D93108016FDCF42EA304F /* Pods.release.xcconfig */,
			);
			name = Pods;
			sourceTree = "<group>";
		};
/* End PBXGroup section */

/* Begin PBXNativeTarget section */
		38E51C8F1A27246A0090B49D /* OrbitzHotelsViewer */ = {
			isa = PBXNativeTarget;
			buildConfigurationList = 38E51CB31A27246A0090B49D /* Build configuration list for PBXNativeTarget "OrbitzHotelsViewer" */;
			buildPhases = (
				D60432F699095516232BFC55 /* Check Pods Manifest.lock */,
				38E51C8C1A27246A0090B49D /* Sources */,
				38E51C8D1A27246A0090B49D /* Frameworks */,
				38E51C8E1A27246A0090B49D /* Resources */,
				90EA3BF853F159209F2C19AD /* Copy Pods Resources */,
			);
			buildRules = (
			);
			dependencies = (
			);
			name = OrbitzHotelsViewer;
			productName = OrbitzHotelsViewer;
			productReference = 38E51C901A27246A0090B49D /* OrbitzHotelsViewer.app */;
			productType = "com.apple.product-type.application";
		};
		38E51CA81A27246A0090B49D /* OrbitzHotelsViewerTests */ = {
			isa = PBXNativeTarget;
			buildConfigurationList = 38E51CB61A27246A0090B49D /* Build configuration list for PBXNativeTarget "OrbitzHotelsViewerTests" */;
			buildPhases = (
				38E51CA51A27246A0090B49D /* Sources */,
				38E51CA61A27246A0090B49D /* Frameworks */,
				38E51CA71A27246A0090B49D /* Resources */,
			);
			buildRules = (
			);
			dependencies = (
				38E51CAB1A27246A0090B49D /* PBXTargetDependency */,
			);
			name = OrbitzHotelsViewerTests;
			productName = OrbitzHotelsViewerTests;
			productReference = 38E51CA91A27246A0090B49D /* OrbitzHotelsViewerTests.xctest */;
			productType = "com.apple.product-type.bundle.unit-test";
		};
/* End PBXNativeTarget section */

/* Begin PBXProject section */
		38E51C881A27246A0090B49D /* Project object */ = {
			isa = PBXProject;
			attributes = {
				LastUpgradeCheck = 0610;
				ORGANIZATIONNAME = "Jayesh Kawli Backup";
				TargetAttributes = {
					38E51C8F1A27246A0090B49D = {
						CreatedOnToolsVersion = 6.1;
					};
					38E51CA81A27246A0090B49D = {
						CreatedOnToolsVersion = 6.1;
						TestTargetID = 38E51C8F1A27246A0090B49D;
					};
				};
			};
			buildConfigurationList = 38E51C8B1A27246A0090B49D /* Build configuration list for PBXProject "OrbitzHotelsViewer" */;
			compatibilityVersion = "Xcode 3.2";
			developmentRegion = English;
			hasScannedForEncodings = 0;
			knownRegions = (
				en,
				Base,
			);
			mainGroup = 38E51C871A27246A0090B49D;
			productRefGroup = 38E51C911A27246A0090B49D /* Products */;
			projectDirPath = "";
			projectRoot = "";
			targets = (
				38E51C8F1A27246A0090B49D /* OrbitzHotelsViewer */,
				38E51CA81A27246A0090B49D /* OrbitzHotelsViewerTests */,
			);
		};
/* End PBXProject section */

/* Begin PBXResourcesBuildPhase section */
		38E51C8E1A27246A0090B49D /* Resources */ = {
			isa = PBXResourcesBuildPhase;
			buildActionMask = 2147483647;
			files = (
				38E51C9F1A27246A0090B49D /* Main.storyboard in Resources */,
				38E51CA41A27246A0090B49D /* LaunchScreen.xib in Resources */,
				38E51CBB1A2725D30090B49D /* hotels.json in Resources */,
				38E51CA11A27246A0090B49D /* Images.xcassets in Resources */,
			);
			runOnlyForDeploymentPostprocessing = 0;
		};
		38E51CA71A27246A0090B49D /* Resources */ = {
			isa = PBXResourcesBuildPhase;
			buildActionMask = 2147483647;
			files = (
			);
			runOnlyForDeploymentPostprocessing = 0;
		};
/* End PBXResourcesBuildPhase section */

/* Begin PBXShellScriptBuildPhase section */
		90EA3BF853F159209F2C19AD /* Copy Pods Resources */ = {
			isa = PBXShellScriptBuildPhase;
			buildActionMask = 2147483647;
			files = (
			);
			inputPaths = (
			);
			name = "Copy Pods Resources";
			outputPaths = (
			);
			runOnlyForDeploymentPostprocessing = 0;
			shellPath = /bin/sh;
			shellScript = "\"${SRCROOT}/Pods/Target Support Files/Pods/Pods-resources.sh\"\n";
			showEnvVarsInLog = 0;
		};
		D60432F699095516232BFC55 /* Check Pods Manifest.lock */ = {
			isa = PBXShellScriptBuildPhase;
			buildActionMask = 2147483647;
			files = (
			);
			inputPaths = (
			);
			name = "Check Pods Manifest.lock";
			outputPaths = (
			);
			runOnlyForDeploymentPostprocessing = 0;
			shellPath = /bin/sh;
			shellScript = "diff \"${PODS_ROOT}/../Podfile.lock\" \"${PODS_ROOT}/Manifest.lock\" > /dev/null\nif [[ $? != 0 ]] ; then\n    cat << EOM\nerror: The sandbox is not in sync with the Podfile.lock. Run 'pod install' or update your CocoaPods installation.\nEOM\n    exit 1\nfi\n";
			showEnvVarsInLog = 0;
		};
/* End PBXShellScriptBuildPhase section */

/* Begin PBXSourcesBuildPhase section */
		38E51C8C1A27246A0090B49D /* Sources */ = {
			isa = PBXSourcesBuildPhase;
			buildActionMask = 2147483647;
			files = (
				38E51C9C1A27246A0090B49D /* ViewController.m in Sources */,
				38E51C991A27246A0090B49D /* AppDelegate.m in Sources */,
				383387C81A2728460011C36B /* OrbitzHotel.m in Sources */,
				383387CB1A272ACF0011C36B /* OrbitzHotelsListViewController.m in Sources */,
				38E51C961A27246A0090B49D /* main.m in Sources */,
				383387CF1A273A470011C36B /* HotelsListCustomCell.m in Sources */,
			);
			runOnlyForDeploymentPostprocessing = 0;
		};
		38E51CA51A27246A0090B49D /* Sources */ = {
			isa = PBXSourcesBuildPhase;
			buildActionMask = 2147483647;
			files = (
				38E51CB01A27246A0090B49D /* OrbitzHotelsViewerTests.m in Sources */,
			);
			runOnlyForDeploymentPostprocessing = 0;
		};
/* End PBXSourcesBuildPhase section */

/* Begin PBXTargetDependency section */
		38E51CAB1A27246A0090B49D /* PBXTargetDependency */ = {
			isa = PBXTargetDependency;
			target = 38E51C8F1A27246A0090B49D /* OrbitzHotelsViewer */;
			targetProxy = 38E51CAA1A27246A0090B49D /* PBXContainerItemProxy */;
		};
/* End PBXTargetDependency section */

/* Begin PBXVariantGroup section */
		38E51C9D1A27246A0090B49D /* Main.storyboard */ = {
			isa = PBXVariantGroup;
			children = (
				38E51C9E1A27246A0090B49D /* Base */,
			);
			name = Main.storyboard;
			sourceTree = "<group>";
		};
		38E51CA21A27246A0090B49D /* LaunchScreen.xib */ = {
			isa = PBXVariantGroup;
			children = (
				38E51CA31A27246A0090B49D /* Base */,
			);
			name = LaunchScreen.xib;
			sourceTree = "<group>";
		};
/* End PBXVariantGroup section */

/* Begin XCBuildConfiguration section */
		38E51CB11A27246A0090B49D /* Debug */ = {
			isa = XCBuildConfiguration;
			buildSettings = {
				ALWAYS_SEARCH_USER_PATHS = NO;
				CLANG_CXX_LANGUAGE_STANDARD = "gnu++0x";
				CLANG_CXX_LIBRARY = "libc++";
				CLANG_ENABLE_MODULES = YES;
				CLANG_ENABLE_OBJC_ARC = YES;
				CLANG_WARN_BOOL_CONVERSION = YES;
				CLANG_WARN_CONSTANT_CONVERSION = YES;
				CLANG_WARN_DIRECT_OBJC_ISA_USAGE = YES_ERROR;
				CLANG_WARN_EMPTY_BODY = YES;
				CLANG_WARN_ENUM_CONVERSION = YES;
				CLANG_WARN_INT_CONVERSION = YES;
				CLANG_WARN_OBJC_ROOT_CLASS = YES_ERROR;
				CLANG_WARN_UNREACHABLE_CODE = YES;
				CLANG_WARN__DUPLICATE_METHOD_MATCH = YES;
				"CODE_SIGN_IDENTITY[sdk=iphoneos*]" = "iPhone Developer";
				COPY_PHASE_STRIP = NO;
				ENABLE_STRICT_OBJC_MSGSEND = YES;
				GCC_C_LANGUAGE_STANDARD = gnu99;
				GCC_DYNAMIC_NO_PIC = NO;
				GCC_OPTIMIZATION_LEVEL = 0;
				GCC_PREPROCESSOR_DEFINITIONS = (
					"DEBUG=1",
					"$(inherited)",
				);
				GCC_SYMBOLS_PRIVATE_EXTERN = NO;
				GCC_WARN_64_TO_32_BIT_CONVERSION = YES;
				GCC_WARN_ABOUT_RETURN_TYPE = YES_ERROR;
				GCC_WARN_UNDECLARED_SELECTOR = YES;
				GCC_WARN_UNINITIALIZED_AUTOS = YES_AGGRESSIVE;
				GCC_WARN_UNUSED_FUNCTION = YES;
				GCC_WARN_UNUSED_VARIABLE = YES;
				IPHONEOS_DEPLOYMENT_TARGET = 8.1;
				MTL_ENABLE_DEBUG_INFO = YES;
				ONLY_ACTIVE_ARCH = YES;
				SDKROOT = iphoneos;
				TARGETED_DEVICE_FAMILY = "1,2";
			};
			name = Debug;
		};
		38E51CB21A27246A0090B49D /* Release */ = {
			isa = XCBuildConfiguration;
			buildSettings = {
				ALWAYS_SEARCH_USER_PATHS = NO;
				CLANG_CXX_LANGUAGE_STANDARD = "gnu++0x";
				CLANG_CXX_LIBRARY = "libc++";
				CLANG_ENABLE_MODULES = YES;
				CLANG_ENABLE_OBJC_ARC = YES;
				CLANG_WARN_BOOL_CONVERSION = YES;
				CLANG_WARN_CONSTANT_CONVERSION = YES;
				CLANG_WARN_DIRECT_OBJC_ISA_USAGE = YES_ERROR;
				CLANG_WARN_EMPTY_BODY = YES;
				CLANG_WARN_ENUM_CONVERSION = YES;
				CLANG_WARN_INT_CONVERSION = YES;
				CLANG_WARN_OBJC_ROOT_CLASS = YES_ERROR;
				CLANG_WARN_UNREACHABLE_CODE = YES;
				CLANG_WARN__DUPLICATE_METHOD_MATCH = YES;
				"CODE_SIGN_IDENTITY[sdk=iphoneos*]" = "iPhone Developer";
				COPY_PHASE_STRIP = YES;
				ENABLE_NS_ASSERTIONS = NO;
				ENABLE_STRICT_OBJC_MSGSEND = YES;
				GCC_C_LANGUAGE_STANDARD = gnu99;
				GCC_WARN_64_TO_32_BIT_CONVERSION = YES;
				GCC_WARN_ABOUT_RETURN_TYPE = YES_ERROR;
				GCC_WARN_UNDECLARED_SELECTOR = YES;
				GCC_WARN_UNINITIALIZED_AUTOS = YES_AGGRESSIVE;
				GCC_WARN_UNUSED_FUNCTION = YES;
				GCC_WARN_UNUSED_VARIABLE = YES;
				IPHONEOS_DEPLOYMENT_TARGET = 8.1;
				MTL_ENABLE_DEBUG_INFO = NO;
				SDKROOT = iphoneos;
				TARGETED_DEVICE_FAMILY = "1,2";
				VALIDATE_PRODUCT = YES;
			};
			name = Release;
		};
		38E51CB41A27246A0090B49D /* Debug */ = {
			isa = XCBuildConfiguration;
			baseConfigurationReference = C2FDCCCF03509E53EB6E825D /* Pods.debug.xcconfig */;
			buildSettings = {
				ASSETCATALOG_COMPILER_APPICON_NAME = AppIcon;
				INFOPLIST_FILE = OrbitzHotelsViewer/Info.plist;
				LD_RUNPATH_SEARCH_PATHS = "$(inherited) @executable_path/Frameworks";
				PRODUCT_NAME = "$(TARGET_NAME)";
			};
			name = Debug;
		};
		38E51CB51A27246A0090B49D /* Release */ = {
			isa = XCBuildConfiguration;
			baseConfigurationReference = BD0D93108016FDCF42EA304F /* Pods.release.xcconfig */;
			buildSettings = {
				ASSETCATALOG_COMPILER_APPICON_NAME = AppIcon;
				INFOPLIST_FILE = OrbitzHotelsViewer/Info.plist;
				LD_RUNPATH_SEARCH_PATHS = "$(inherited) @executable_path/Frameworks";
				PRODUCT_NAME = "$(TARGET_NAME)";
			};
			name = Release;
		};
		38E51CB71A27246A0090B49D /* Debug */ = {
			isa = XCBuildConfiguration;
			buildSettings = {
				BUNDLE_LOADER = "$(TEST_HOST)";
				FRAMEWORK_SEARCH_PATHS = (
					"$(SDKROOT)/Developer/Library/Frameworks",
					"$(inherited)",
				);
				GCC_PREPROCESSOR_DEFINITIONS = (
					"DEBUG=1",
					"$(inherited)",
				);
				INFOPLIST_FILE = OrbitzHotelsViewerTests/Info.plist;
				LD_RUNPATH_SEARCH_PATHS = "$(inherited) @executable_path/Frameworks @loader_path/Frameworks";
				PRODUCT_NAME = "$(TARGET_NAME)";
				TEST_HOST = "$(BUILT_PRODUCTS_DIR)/OrbitzHotelsViewer.app/OrbitzHotelsViewer";
			};
			name = Debug;
		};
		38E51CB81A27246A0090B49D /* Release */ = {
			isa = XCBuildConfiguration;
			buildSettings = {
				BUNDLE_LOADER = "$(TEST_HOST)";
				FRAMEWORK_SEARCH_PATHS = (
					"$(SDKROOT)/Developer/Library/Frameworks",
					"$(inherited)",
				);
				INFOPLIST_FILE = OrbitzHotelsViewerTests/Info.plist;
				LD_RUNPATH_SEARCH_PATHS = "$(inherited) @executable_path/Frameworks @loader_path/Frameworks";
				PRODUCT_NAME = "$(TARGET_NAME)";
				TEST_HOST = "$(BUILT_PRODUCTS_DIR)/OrbitzHotelsViewer.app/OrbitzHotelsViewer";
			};
			name = Release;
		};
/* End XCBuildConfiguration section */

/* Begin XCConfigurationList section */
		38E51C8B1A27246A0090B49D /* Build configuration list for PBXProject "OrbitzHotelsViewer" */ = {
			isa = XCConfigurationList;
			buildConfigurations = (
				38E51CB11A27246A0090B49D /* Debug */,
				38E51CB21A27246A0090B49D /* Release */,
			);
			defaultConfigurationIsVisible = 0;
			defaultConfigurationName = Release;
		};
		38E51CB31A27246A0090B49D /* Build configuration list for PBXNativeTarget "OrbitzHotelsViewer" */ = {
			isa = XCConfigurationList;
			buildConfigurations = (
				38E51CB41A27246A0090B49D /* Debug */,
				38E51CB51A27246A0090B49D /* Release */,
			);
			defaultConfigurationIsVisible = 0;
			defaultConfigurationName = Release;
		};
		38E51CB61A27246A0090B49D /* Build configuration list for PBXNativeTarget "OrbitzHotelsViewerTests" */ = {
			isa = XCConfigurationList;
			buildConfigurations = (
				38E51CB71A27246A0090B49D /* Debug */,
				38E51CB81A27246A0090B49D /* Release */,
			);
			defaultConfigurationIsVisible = 0;
			defaultConfigurationName = Release;
		};
/* End XCConfigurationList section */
	};
	rootObject = 38E51C881A27246A0090B49D /* Project object */;
}
